// !$*UTF8*$!
{
	archiveVersion = 1;
	classes = {
	};
	objectVersion = 46;
	objects = {

/* Begin PBXBuildFile section */
		B32631B21911647E0063039B /* Parse.framework in Frameworks */ = {isa = PBXBuildFile; fileRef = B32631B11911647E0063039B /* Parse.framework */; };
		B32631B4191164A10063039B /* AudioToolbox.framework in Frameworks */ = {isa = PBXBuildFile; fileRef = B32631B3191164A10063039B /* AudioToolbox.framework */; };
		B32631B6191164AA0063039B /* CFNetwork.framework in Frameworks */ = {isa = PBXBuildFile; fileRef = B32631B5191164AA0063039B /* CFNetwork.framework */; };
		B32631B8191164BB0063039B /* CoreLocation.framework in Frameworks */ = {isa = PBXBuildFile; fileRef = B32631B7191164BB0063039B /* CoreLocation.framework */; };
		B32631BA191164C60063039B /* libz.dylib in Frameworks */ = {isa = PBXBuildFile; fileRef = B32631B9191164C60063039B /* libz.dylib */; };
		B32631BC191164CE0063039B /* MobileCoreServices.framework in Frameworks */ = {isa = PBXBuildFile; fileRef = B32631BB191164CE0063039B /* MobileCoreServices.framework */; };
		B32631BE191164D90063039B /* QuartzCore.framework in Frameworks */ = {isa = PBXBuildFile; fileRef = B32631BD191164D90063039B /* QuartzCore.framework */; };
		B32631C0191164DD0063039B /* Security.framework in Frameworks */ = {isa = PBXBuildFile; fileRef = B32631BF191164DD0063039B /* Security.framework */; };
		B32631C2191164E60063039B /* StoreKit.framework in Frameworks */ = {isa = PBXBuildFile; fileRef = B32631C1191164E60063039B /* StoreKit.framework */; };
		B32631C4191164F60063039B /* SystemConfiguration.framework in Frameworks */ = {isa = PBXBuildFile; fileRef = B32631C3191164F60063039B /* SystemConfiguration.framework */; };
		B32631C8191167420063039B /* SignUpViewController.m in Sources */ = {isa = PBXBuildFile; fileRef = B32631C7191167420063039B /* SignUpViewController.m */; };
		B32631CA191171CB0063039B /* FacebookSDK.framework in Frameworks */ = {isa = PBXBuildFile; fileRef = B32631C9191171CA0063039B /* FacebookSDK.framework */; };
		B32631CD191176B30063039B /* fb.png in Resources */ = {isa = PBXBuildFile; fileRef = B32631CB191176B30063039B /* fb.png */; };
		B32631CE191176B30063039B /* tw.png in Resources */ = {isa = PBXBuildFile; fileRef = B32631CC191176B30063039B /* tw.png */; };
		B32631D01911781B0063039B /* Social.framework in Frameworks */ = {isa = PBXBuildFile; fileRef = B32631CF1911781B0063039B /* Social.framework */; };
		B364F1A1190C1E49004B82B3 /* Foundation.framework in Frameworks */ = {isa = PBXBuildFile; fileRef = B364F1A0190C1E49004B82B3 /* Foundation.framework */; };
		B364F1A3190C1E49004B82B3 /* CoreGraphics.framework in Frameworks */ = {isa = PBXBuildFile; fileRef = B364F1A2190C1E49004B82B3 /* CoreGraphics.framework */; };
		B364F1A5190C1E49004B82B3 /* UIKit.framework in Frameworks */ = {isa = PBXBuildFile; fileRef = B364F1A4190C1E49004B82B3 /* UIKit.framework */; };
		B364F1AB190C1E49004B82B3 /* InfoPlist.strings in Resources */ = {isa = PBXBuildFile; fileRef = B364F1A9190C1E49004B82B3 /* InfoPlist.strings */; };
		B364F1AD190C1E49004B82B3 /* main.m in Sources */ = {isa = PBXBuildFile; fileRef = B364F1AC190C1E49004B82B3 /* main.m */; };
		B364F1B1190C1E49004B82B3 /* AppDelegate.m in Sources */ = {isa = PBXBuildFile; fileRef = B364F1B0190C1E49004B82B3 /* AppDelegate.m */; };
		B364F1B4190C1E49004B82B3 /* Main_iPhone.storyboard in Resources */ = {isa = PBXBuildFile; fileRef = B364F1B2190C1E49004B82B3 /* Main_iPhone.storyboard */; };
		B364F1B7190C1E49004B82B3 /* Main_iPad.storyboard in Resources */ = {isa = PBXBuildFile; fileRef = B364F1B5190C1E49004B82B3 /* Main_iPad.storyboard */; };
		B364F1BC190C1E49004B82B3 /* Images.xcassets in Resources */ = {isa = PBXBuildFile; fileRef = B364F1BB190C1E49004B82B3 /* Images.xcassets */; };
		B364F1C3190C1E49004B82B3 /* XCTest.framework in Frameworks */ = {isa = PBXBuildFile; fileRef = B364F1C2190C1E49004B82B3 /* XCTest.framework */; };
		B364F1C4190C1E49004B82B3 /* Foundation.framework in Frameworks */ = {isa = PBXBuildFile; fileRef = B364F1A0190C1E49004B82B3 /* Foundation.framework */; };
		B364F1C5190C1E49004B82B3 /* UIKit.framework in Frameworks */ = {isa = PBXBuildFile; fileRef = B364F1A4190C1E49004B82B3 /* UIKit.framework */; };
		B364F1CD190C1E49004B82B3 /* InfoPlist.strings in Resources */ = {isa = PBXBuildFile; fileRef = B364F1CB190C1E49004B82B3 /* InfoPlist.strings */; };
		B364F1CF190C1E49004B82B3 /* ChallengeProjectTests.m in Sources */ = {isa = PBXBuildFile; fileRef = B364F1CE190C1E49004B82B3 /* ChallengeProjectTests.m */; };
		B364F1E5190C2AA3004B82B3 /* CommonMethods.m in Sources */ = {isa = PBXBuildFile; fileRef = B364F1E3190C2AA3004B82B3 /* CommonMethods.m */; };
		B364F1EE190C2F36004B82B3 /* LoginViewController.m in Sources */ = {isa = PBXBuildFile; fileRef = B364F1ED190C2F36004B82B3 /* LoginViewController.m */; };
		B364F1F4190C2FA6004B82B3 /* QuestCell.m in Sources */ = {isa = PBXBuildFile; fileRef = B364F1F3190C2FA6004B82B3 /* QuestCell.m */; };
		B364F1FA190C30F4004B82B3 /* QuestViewController.m in Sources */ = {isa = PBXBuildFile; fileRef = B364F1F9190C30F4004B82B3 /* QuestViewController.m */; };
		B364F1FD190C3812004B82B3 /* DetailsViewController.m in Sources */ = {isa = PBXBuildFile; fileRef = B364F1FC190C3812004B82B3 /* DetailsViewController.m */; };
		B3A097C919137E870082185C /* NoDataCell.m in Sources */ = {isa = PBXBuildFile; fileRef = B3A097C819137E870082185C /* NoDataCell.m */; };
		B3A72B42191381EA0096300A /* SVProgressHUD.bundle in Resources */ = {isa = PBXBuildFile; fileRef = B3A72B3F191381EA0096300A /* SVProgressHUD.bundle */; };
		B3A72B43191381EA0096300A /* SVProgressHUD.m in Sources */ = {isa = PBXBuildFile; fileRef = B3A72B41191381EA0096300A /* SVProgressHUD.m */; };
		B3A72B4A191381FA0096300A /* EGORefreshTableHeaderView.m in Sources */ = {isa = PBXBuildFile; fileRef = B3A72B46191381FA0096300A /* EGORefreshTableHeaderView.m */; settings = {COMPILER_FLAGS = "-fno-objc-arc"; }; };
		B3A72B541913824F0096300A /* blackArrow.png in Resources */ = {isa = PBXBuildFile; fileRef = B3A72B4C1913824F0096300A /* blackArrow.png */; };
		B3A72B551913824F0096300A /* blackArrow@2x.png in Resources */ = {isa = PBXBuildFile; fileRef = B3A72B4D1913824F0096300A /* blackArrow@2x.png */; };
		B3A72B561913824F0096300A /* blueArrow.png in Resources */ = {isa = PBXBuildFile; fileRef = B3A72B4E1913824F0096300A /* blueArrow.png */; };
		B3A72B571913824F0096300A /* blueArrow@2x.png in Resources */ = {isa = PBXBuildFile; fileRef = B3A72B4F1913824F0096300A /* blueArrow@2x.png */; };
		B3A72B581913824F0096300A /* grayArrow.png in Resources */ = {isa = PBXBuildFile; fileRef = B3A72B501913824F0096300A /* grayArrow.png */; };
		B3A72B591913824F0096300A /* grayArrow@2x.png in Resources */ = {isa = PBXBuildFile; fileRef = B3A72B511913824F0096300A /* grayArrow@2x.png */; };
		B3A72B5A1913824F0096300A /* whiteArrow.png in Resources */ = {isa = PBXBuildFile; fileRef = B3A72B521913824F0096300A /* whiteArrow.png */; };
		B3A72B5B1913824F0096300A /* whiteArrow@2x.png in Resources */ = {isa = PBXBuildFile; fileRef = B3A72B531913824F0096300A /* whiteArrow@2x.png */; };
		B3F83716190CB6C400CF8852 /* NavViewController.m in Sources */ = {isa = PBXBuildFile; fileRef = B3F83715190CB6C400CF8852 /* NavViewController.m */; };
		B3F83718190D184B00CF8852 /* Quests.plist in Resources */ = {isa = PBXBuildFile; fileRef = B3F83717190D184B00CF8852 /* Quests.plist */; };
		B3F8371B190D1C2700CF8852 /* Quest.m in Sources */ = {isa = PBXBuildFile; fileRef = B3F8371A190D1C2700CF8852 /* Quest.m */; };
		B3F83724190D255400CF8852 /* UserHandler.m in Sources */ = {isa = PBXBuildFile; fileRef = B3F83723190D255400CF8852 /* UserHandler.m */; };
		B3F83727190D285700CF8852 /* QuestHandler.m in Sources */ = {isa = PBXBuildFile; fileRef = B3F83726190D285700CF8852 /* QuestHandler.m */; };
		B3F8372D190D49ED00CF8852 /* MapKit.framework in Frameworks */ = {isa = PBXBuildFile; fileRef = B3F8372C190D49ED00CF8852 /* MapKit.framework */; };
		B3F83730190D4ABF00CF8852 /* AnnotationMaker.m in Sources */ = {isa = PBXBuildFile; fileRef = B3F8372F190D4ABF00CF8852 /* AnnotationMaker.m */; };
		B3FF1A89190EC423007D0903 /* SettingViewController.m in Sources */ = {isa = PBXBuildFile; fileRef = B3FF1A88190EC423007D0903 /* SettingViewController.m */; };
		B3FF1A8C190EE23F007D0903 /* userpin.png in Resources */ = {isa = PBXBuildFile; fileRef = B3FF1A8A190EE23F007D0903 /* userpin.png */; };
		B3FF1A8D190EE23F007D0903 /* locationpin.png in Resources */ = {isa = PBXBuildFile; fileRef = B3FF1A8B190EE23F007D0903 /* locationpin.png */; };
/* End PBXBuildFile section */

/* Begin PBXContainerItemProxy section */
		B364F1C6190C1E49004B82B3 /* PBXContainerItemProxy */ = {
			isa = PBXContainerItemProxy;
			containerPortal = B364F195190C1E49004B82B3 /* Project object */;
			proxyType = 1;
			remoteGlobalIDString = B364F19C190C1E49004B82B3;
			remoteInfo = ChallengeProject;
		};
/* End PBXContainerItemProxy section */

/* Begin PBXFileReference section */
		B32631B11911647E0063039B /* Parse.framework */ = {isa = PBXFileReference; lastKnownFileType = wrapper.framework; name = Parse.framework; path = ChallengeProject/Parse.framework; sourceTree = "<group>"; };
		B32631B3191164A10063039B /* AudioToolbox.framework */ = {isa = PBXFileReference; lastKnownFileType = wrapper.framework; name = AudioToolbox.framework; path = System/Library/Frameworks/AudioToolbox.framework; sourceTree = SDKROOT; };
		B32631B5191164AA0063039B /* CFNetwork.framework */ = {isa = PBXFileReference; lastKnownFileType = wrapper.framework; name = CFNetwork.framework; path = System/Library/Frameworks/CFNetwork.framework; sourceTree = SDKROOT; };
		B32631B7191164BB0063039B /* CoreLocation.framework */ = {isa = PBXFileReference; lastKnownFileType = wrapper.framework; name = CoreLocation.framework; path = System/Library/Frameworks/CoreLocation.framework; sourceTree = SDKROOT; };
		B32631B9191164C60063039B /* libz.dylib */ = {isa = PBXFileReference; lastKnownFileType = "compiled.mach-o.dylib"; name = libz.dylib; path = usr/lib/libz.dylib; sourceTree = SDKROOT; };
		B32631BB191164CE0063039B /* MobileCoreServices.framework */ = {isa = PBXFileReference; lastKnownFileType = wrapper.framework; name = MobileCoreServices.framework; path = System/Library/Frameworks/MobileCoreServices.framework; sourceTree = SDKROOT; };
		B32631BD191164D90063039B /* QuartzCore.framework */ = {isa = PBXFileReference; lastKnownFileType = wrapper.framework; name = QuartzCore.framework; path = System/Library/Frameworks/QuartzCore.framework; sourceTree = SDKROOT; };
		B32631BF191164DD0063039B /* Security.framework */ = {isa = PBXFileReference; lastKnownFileType = wrapper.framework; name = Security.framework; path = System/Library/Frameworks/Security.framework; sourceTree = SDKROOT; };
		B32631C1191164E60063039B /* StoreKit.framework */ = {isa = PBXFileReference; lastKnownFileType = wrapper.framework; name = StoreKit.framework; path = System/Library/Frameworks/StoreKit.framework; sourceTree = SDKROOT; };
		B32631C3191164F60063039B /* SystemConfiguration.framework */ = {isa = PBXFileReference; lastKnownFileType = wrapper.framework; name = SystemConfiguration.framework; path = System/Library/Frameworks/SystemConfiguration.framework; sourceTree = SDKROOT; };
		B32631C6191167420063039B /* SignUpViewController.h */ = {isa = PBXFileReference; fileEncoding = 4; lastKnownFileType = sourcecode.c.h; path = SignUpViewController.h; sourceTree = "<group>"; };
		B32631C7191167420063039B /* SignUpViewController.m */ = {isa = PBXFileReference; fileEncoding = 4; lastKnownFileType = sourcecode.c.objc; path = SignUpViewController.m; sourceTree = "<group>"; };
		B32631C9191171CA0063039B /* FacebookSDK.framework */ = {isa = PBXFileReference; lastKnownFileType = wrapper.framework; path = FacebookSDK.framework; sourceTree = "<group>"; };
		B32631CB191176B30063039B /* fb.png */ = {isa = PBXFileReference; lastKnownFileType = image.png; path = fb.png; sourceTree = "<group>"; };
		B32631CC191176B30063039B /* tw.png */ = {isa = PBXFileReference; lastKnownFileType = image.png; path = tw.png; sourceTree = "<group>"; };
		B32631CF1911781B0063039B /* Social.framework */ = {isa = PBXFileReference; lastKnownFileType = wrapper.framework; name = Social.framework; path = System/Library/Frameworks/Social.framework; sourceTree = SDKROOT; };
		B364F19D190C1E49004B82B3 /* ChallengeProject.app */ = {isa = PBXFileReference; explicitFileType = wrapper.application; includeInIndex = 0; path = ChallengeProject.app; sourceTree = BUILT_PRODUCTS_DIR; };
		B364F1A0190C1E49004B82B3 /* Foundation.framework */ = {isa = PBXFileReference; lastKnownFileType = wrapper.framework; name = Foundation.framework; path = System/Library/Frameworks/Foundation.framework; sourceTree = SDKROOT; };
		B364F1A2190C1E49004B82B3 /* CoreGraphics.framework */ = {isa = PBXFileReference; lastKnownFileType = wrapper.framework; name = CoreGraphics.framework; path = System/Library/Frameworks/CoreGraphics.framework; sourceTree = SDKROOT; };
		B364F1A4190C1E49004B82B3 /* UIKit.framework */ = {isa = PBXFileReference; lastKnownFileType = wrapper.framework; name = UIKit.framework; path = System/Library/Frameworks/UIKit.framework; sourceTree = SDKROOT; };
		B364F1A8190C1E49004B82B3 /* ChallengeProject-Info.plist */ = {isa = PBXFileReference; lastKnownFileType = text.plist.xml; path = "ChallengeProject-Info.plist"; sourceTree = "<group>"; };
		B364F1AA190C1E49004B82B3 /* en */ = {isa = PBXFileReference; lastKnownFileType = text.plist.strings; name = en; path = en.lproj/InfoPlist.strings; sourceTree = "<group>"; };
		B364F1AC190C1E49004B82B3 /* main.m */ = {isa = PBXFileReference; lastKnownFileType = sourcecode.c.objc; path = main.m; sourceTree = "<group>"; };
		B364F1AE190C1E49004B82B3 /* ChallengeProject-Prefix.pch */ = {isa = PBXFileReference; lastKnownFileType = sourcecode.c.h; path = "ChallengeProject-Prefix.pch"; sourceTree = "<group>"; };
		B364F1AF190C1E49004B82B3 /* AppDelegate.h */ = {isa = PBXFileReference; lastKnownFileType = sourcecode.c.h; path = AppDelegate.h; sourceTree = "<group>"; };
		B364F1B0190C1E49004B82B3 /* AppDelegate.m */ = {isa = PBXFileReference; lastKnownFileType = sourcecode.c.objc; path = AppDelegate.m; sourceTree = "<group>"; };
		B364F1B3190C1E49004B82B3 /* Base */ = {isa = PBXFileReference; lastKnownFileType = file.storyboard; name = Base; path = Base.lproj/Main_iPhone.storyboard; sourceTree = "<group>"; };
		B364F1B6190C1E49004B82B3 /* Base */ = {isa = PBXFileReference; lastKnownFileType = file.storyboard; name = Base; path = Base.lproj/Main_iPad.storyboard; sourceTree = "<group>"; };
		B364F1BB190C1E49004B82B3 /* Images.xcassets */ = {isa = PBXFileReference; lastKnownFileType = folder.assetcatalog; path = Images.xcassets; sourceTree = "<group>"; };
		B364F1C1190C1E49004B82B3 /* ChallengeProjectTests.xctest */ = {isa = PBXFileReference; explicitFileType = wrapper.cfbundle; includeInIndex = 0; path = ChallengeProjectTests.xctest; sourceTree = BUILT_PRODUCTS_DIR; };
		B364F1C2190C1E49004B82B3 /* XCTest.framework */ = {isa = PBXFileReference; lastKnownFileType = wrapper.framework; name = XCTest.framework; path = Library/Frameworks/XCTest.framework; sourceTree = DEVELOPER_DIR; };
		B364F1CA190C1E49004B82B3 /* ChallengeProjectTests-Info.plist */ = {isa = PBXFileReference; lastKnownFileType = text.plist.xml; path = "ChallengeProjectTests-Info.plist"; sourceTree = "<group>"; };
		B364F1CC190C1E49004B82B3 /* en */ = {isa = PBXFileReference; lastKnownFileType = text.plist.strings; name = en; path = en.lproj/InfoPlist.strings; sourceTree = "<group>"; };
		B364F1CE190C1E49004B82B3 /* ChallengeProjectTests.m */ = {isa = PBXFileReference; lastKnownFileType = sourcecode.c.objc; path = ChallengeProjectTests.m; sourceTree = "<group>"; };
		B364F1E2190C2AA3004B82B3 /* CommonMethods.h */ = {isa = PBXFileReference; fileEncoding = 4; lastKnownFileType = sourcecode.c.h; path = CommonMethods.h; sourceTree = "<group>"; };
		B364F1E3190C2AA3004B82B3 /* CommonMethods.m */ = {isa = PBXFileReference; fileEncoding = 4; lastKnownFileType = sourcecode.c.objc; path = CommonMethods.m; sourceTree = "<group>"; };
		B364F1E4190C2AA3004B82B3 /* Constants.h */ = {isa = PBXFileReference; fileEncoding = 4; lastKnownFileType = sourcecode.c.h; path = Constants.h; sourceTree = "<group>"; };
		B364F1EC190C2F36004B82B3 /* LoginViewController.h */ = {isa = PBXFileReference; fileEncoding = 4; lastKnownFileType = sourcecode.c.h; path = LoginViewController.h; sourceTree = "<group>"; };
		B364F1ED190C2F36004B82B3 /* LoginViewController.m */ = {isa = PBXFileReference; fileEncoding = 4; lastKnownFileType = sourcecode.c.objc; path = LoginViewController.m; sourceTree = "<group>"; };
		B364F1F2190C2FA6004B82B3 /* QuestCell.h */ = {isa = PBXFileReference; fileEncoding = 4; lastKnownFileType = sourcecode.c.h; path = QuestCell.h; sourceTree = "<group>"; };
		B364F1F3190C2FA6004B82B3 /* QuestCell.m */ = {isa = PBXFileReference; fileEncoding = 4; lastKnownFileType = sourcecode.c.objc; path = QuestCell.m; sourceTree = "<group>"; };
		B364F1F8190C30F4004B82B3 /* QuestViewController.h */ = {isa = PBXFileReference; fileEncoding = 4; lastKnownFileType = sourcecode.c.h; path = QuestViewController.h; sourceTree = "<group>"; };
		B364F1F9190C30F4004B82B3 /* QuestViewController.m */ = {isa = PBXFileReference; fileEncoding = 4; lastKnownFileType = sourcecode.c.objc; path = QuestViewController.m; sourceTree = "<group>"; };
		B364F1FB190C3812004B82B3 /* DetailsViewController.h */ = {isa = PBXFileReference; fileEncoding = 4; lastKnownFileType = sourcecode.c.h; path = DetailsViewController.h; sourceTree = "<group>"; };
		B364F1FC190C3812004B82B3 /* DetailsViewController.m */ = {isa = PBXFileReference; fileEncoding = 4; lastKnownFileType = sourcecode.c.objc; path = DetailsViewController.m; sourceTree = "<group>"; };
		B3A097C719137E870082185C /* NoDataCell.h */ = {isa = PBXFileReference; fileEncoding = 4; lastKnownFileType = sourcecode.c.h; path = NoDataCell.h; sourceTree = "<group>"; };
		B3A097C819137E870082185C /* NoDataCell.m */ = {isa = PBXFileReference; fileEncoding = 4; lastKnownFileType = sourcecode.c.objc; path = NoDataCell.m; sourceTree = "<group>"; };
		B3A72B3F191381EA0096300A /* SVProgressHUD.bundle */ = {isa = PBXFileReference; lastKnownFileType = "wrapper.plug-in"; path = SVProgressHUD.bundle; sourceTree = "<group>"; };
		B3A72B40191381EA0096300A /* SVProgressHUD.h */ = {isa = PBXFileReference; fileEncoding = 4; lastKnownFileType = sourcecode.c.h; path = SVProgressHUD.h; sourceTree = "<group>"; };
		B3A72B41191381EA0096300A /* SVProgressHUD.m */ = {isa = PBXFileReference; fileEncoding = 4; lastKnownFileType = sourcecode.c.objc; path = SVProgressHUD.m; sourceTree = "<group>"; };
		B3A72B45191381FA0096300A /* EGORefreshTableHeaderView.h */ = {isa = PBXFileReference; fileEncoding = 4; lastKnownFileType = sourcecode.c.h; path = EGORefreshTableHeaderView.h; sourceTree = "<group>"; };
		B3A72B46191381FA0096300A /* EGORefreshTableHeaderView.m */ = {isa = PBXFileReference; fileEncoding = 4; lastKnownFileType = sourcecode.c.objc; path = EGORefreshTableHeaderView.m; sourceTree = "<group>"; };
		B3A72B4C1913824F0096300A /* blackArrow.png */ = {isa = PBXFileReference; lastKnownFileType = image.png; path = blackArrow.png; sourceTree = "<group>"; };
		B3A72B4D1913824F0096300A /* blackArrow@2x.png */ = {isa = PBXFileReference; lastKnownFileType = image.png; path = "blackArrow@2x.png"; sourceTree = "<group>"; };
		B3A72B4E1913824F0096300A /* blueArrow.png */ = {isa = PBXFileReference; lastKnownFileType = image.png; path = blueArrow.png; sourceTree = "<group>"; };
		B3A72B4F1913824F0096300A /* blueArrow@2x.png */ = {isa = PBXFileReference; lastKnownFileType = image.png; path = "blueArrow@2x.png"; sourceTree = "<group>"; };
		B3A72B501913824F0096300A /* grayArrow.png */ = {isa = PBXFileReference; lastKnownFileType = image.png; path = grayArrow.png; sourceTree = "<group>"; };
		B3A72B511913824F0096300A /* grayArrow@2x.png */ = {isa = PBXFileReference; lastKnownFileType = image.png; path = "grayArrow@2x.png"; sourceTree = "<group>"; };
		B3A72B521913824F0096300A /* whiteArrow.png */ = {isa = PBXFileReference; lastKnownFileType = image.png; path = whiteArrow.png; sourceTree = "<group>"; };
		B3A72B531913824F0096300A /* whiteArrow@2x.png */ = {isa = PBXFileReference; lastKnownFileType = image.png; path = "whiteArrow@2x.png"; sourceTree = "<group>"; };
		B3F83714190CB6C400CF8852 /* NavViewController.h */ = {isa = PBXFileReference; fileEncoding = 4; lastKnownFileType = sourcecode.c.h; path = NavViewController.h; sourceTree = "<group>"; };
		B3F83715190CB6C400CF8852 /* NavViewController.m */ = {isa = PBXFileReference; fileEncoding = 4; lastKnownFileType = sourcecode.c.objc; path = NavViewController.m; sourceTree = "<group>"; };
		B3F83717190D184B00CF8852 /* Quests.plist */ = {isa = PBXFileReference; fileEncoding = 4; lastKnownFileType = text.plist.xml; path = Quests.plist; sourceTree = "<group>"; };
		B3F83719190D1C2700CF8852 /* Quest.h */ = {isa = PBXFileReference; fileEncoding = 4; lastKnownFileType = sourcecode.c.h; path = Quest.h; sourceTree = "<group>"; };
		B3F8371A190D1C2700CF8852 /* Quest.m */ = {isa = PBXFileReference; fileEncoding = 4; lastKnownFileType = sourcecode.c.objc; path = Quest.m; sourceTree = "<group>"; };
		B3F83722190D255400CF8852 /* UserHandler.h */ = {isa = PBXFileReference; fileEncoding = 4; lastKnownFileType = sourcecode.c.h; path = UserHandler.h; sourceTree = "<group>"; };
		B3F83723190D255400CF8852 /* UserHandler.m */ = {isa = PBXFileReference; fileEncoding = 4; lastKnownFileType = sourcecode.c.objc; path = UserHandler.m; sourceTree = "<group>"; };
		B3F83725190D285700CF8852 /* QuestHandler.h */ = {isa = PBXFileReference; fileEncoding = 4; lastKnownFileType = sourcecode.c.h; path = QuestHandler.h; sourceTree = "<group>"; };
		B3F83726190D285700CF8852 /* QuestHandler.m */ = {isa = PBXFileReference; fileEncoding = 4; lastKnownFileType = sourcecode.c.objc; path = QuestHandler.m; sourceTree = "<group>"; };
		B3F8372C190D49ED00CF8852 /* MapKit.framework */ = {isa = PBXFileReference; lastKnownFileType = wrapper.framework; name = MapKit.framework; path = System/Library/Frameworks/MapKit.framework; sourceTree = SDKROOT; };
		B3F8372E190D4ABF00CF8852 /* AnnotationMaker.h */ = {isa = PBXFileReference; fileEncoding = 4; lastKnownFileType = sourcecode.c.h; path = AnnotationMaker.h; sourceTree = "<group>"; };
		B3F8372F190D4ABF00CF8852 /* AnnotationMaker.m */ = {isa = PBXFileReference; fileEncoding = 4; lastKnownFileType = sourcecode.c.objc; path = AnnotationMaker.m; sourceTree = "<group>"; };
		B3FF1A87190EC423007D0903 /* SettingViewController.h */ = {isa = PBXFileReference; fileEncoding = 4; lastKnownFileType = sourcecode.c.h; path = SettingViewController.h; sourceTree = "<group>"; };
		B3FF1A88190EC423007D0903 /* SettingViewController.m */ = {isa = PBXFileReference; fileEncoding = 4; lastKnownFileType = sourcecode.c.objc; path = SettingViewController.m; sourceTree = "<group>"; };
		B3FF1A8A190EE23F007D0903 /* userpin.png */ = {isa = PBXFileReference; lastKnownFileType = image.png; path = userpin.png; sourceTree = "<group>"; };
		B3FF1A8B190EE23F007D0903 /* locationpin.png */ = {isa = PBXFileReference; lastKnownFileType = image.png; path = locationpin.png; sourceTree = "<group>"; };
/* End PBXFileReference section */

/* Begin PBXFrameworksBuildPhase section */
		B364F19A190C1E49004B82B3 /* Frameworks */ = {
			isa = PBXFrameworksBuildPhase;
			buildActionMask = 2147483647;
			files = (
				B32631D01911781B0063039B /* Social.framework in Frameworks */,
				B32631C4191164F60063039B /* SystemConfiguration.framework in Frameworks */,
				B32631C2191164E60063039B /* StoreKit.framework in Frameworks */,
				B32631C0191164DD0063039B /* Security.framework in Frameworks */,
				B32631BE191164D90063039B /* QuartzCore.framework in Frameworks */,
				B32631BC191164CE0063039B /* MobileCoreServices.framework in Frameworks */,
				B32631BA191164C60063039B /* libz.dylib in Frameworks */,
				B32631B8191164BB0063039B /* CoreLocation.framework in Frameworks */,
				B364F1A3190C1E49004B82B3 /* CoreGraphics.framework in Frameworks */,
				B32631B6191164AA0063039B /* CFNetwork.framework in Frameworks */,
				B32631B4191164A10063039B /* AudioToolbox.framework in Frameworks */,
				B3F8372D190D49ED00CF8852 /* MapKit.framework in Frameworks */,
				B32631CA191171CB0063039B /* FacebookSDK.framework in Frameworks */,
				B364F1A5190C1E49004B82B3 /* UIKit.framework in Frameworks */,
				B364F1A1190C1E49004B82B3 /* Foundation.framework in Frameworks */,
				B32631B21911647E0063039B /* Parse.framework in Frameworks */,
			);
			runOnlyForDeploymentPostprocessing = 0;
		};
		B364F1BE190C1E49004B82B3 /* Frameworks */ = {
			isa = PBXFrameworksBuildPhase;
			buildActionMask = 2147483647;
			files = (
				B364F1C3190C1E49004B82B3 /* XCTest.framework in Frameworks */,
				B364F1C5190C1E49004B82B3 /* UIKit.framework in Frameworks */,
				B364F1C4190C1E49004B82B3 /* Foundation.framework in Frameworks */,
			);
			runOnlyForDeploymentPostprocessing = 0;
		};
/* End PBXFrameworksBuildPhase section */

/* Begin PBXGroup section */
		B32631C5191167360063039B /* SignUp */ = {
			isa = PBXGroup;
			children = (
				B32631C6191167420063039B /* SignUpViewController.h */,
				B32631C7191167420063039B /* SignUpViewController.m */,
			);
			path = SignUp;
			sourceTree = "<group>";
		};
		B364F194190C1E49004B82B3 = {
			isa = PBXGroup;
			children = (
				B364F1A6190C1E49004B82B3 /* ChallengeProject */,
				B364F1C8190C1E49004B82B3 /* ChallengeProjectTests */,
				B364F19F190C1E49004B82B3 /* Frameworks */,
				B364F19E190C1E49004B82B3 /* Products */,
			);
			sourceTree = "<group>";
		};
		B364F19E190C1E49004B82B3 /* Products */ = {
			isa = PBXGroup;
			children = (
				B364F19D190C1E49004B82B3 /* ChallengeProject.app */,
				B364F1C1190C1E49004B82B3 /* ChallengeProjectTests.xctest */,
			);
			name = Products;
			sourceTree = "<group>";
		};
		B364F19F190C1E49004B82B3 /* Frameworks */ = {
			isa = PBXGroup;
			children = (
				B32631CF1911781B0063039B /* Social.framework */,
				B32631C9191171CA0063039B /* FacebookSDK.framework */,
				B32631C3191164F60063039B /* SystemConfiguration.framework */,
				B32631C1191164E60063039B /* StoreKit.framework */,
				B32631BF191164DD0063039B /* Security.framework */,
				B32631BD191164D90063039B /* QuartzCore.framework */,
				B32631BB191164CE0063039B /* MobileCoreServices.framework */,
				B32631B9191164C60063039B /* libz.dylib */,
				B32631B7191164BB0063039B /* CoreLocation.framework */,
				B32631B5191164AA0063039B /* CFNetwork.framework */,
				B32631B3191164A10063039B /* AudioToolbox.framework */,
				B32631B11911647E0063039B /* Parse.framework */,
				B3F8372C190D49ED00CF8852 /* MapKit.framework */,
				B364F1A0190C1E49004B82B3 /* Foundation.framework */,
				B364F1A2190C1E49004B82B3 /* CoreGraphics.framework */,
				B364F1A4190C1E49004B82B3 /* UIKit.framework */,
				B364F1C2190C1E49004B82B3 /* XCTest.framework */,
			);
			name = Frameworks;
			sourceTree = "<group>";
		};
		B364F1A6190C1E49004B82B3 /* ChallengeProject */ = {
			isa = PBXGroup;
			children = (
				B364F1D8190C29CC004B82B3 /* Classes */,
				B364F1D9190C29CC004B82B3 /* Controllers */,
				B364F1AF190C1E49004B82B3 /* AppDelegate.h */,
				B364F1B0190C1E49004B82B3 /* AppDelegate.m */,
				B364F1B2190C1E49004B82B3 /* Main_iPhone.storyboard */,
				B364F1B5190C1E49004B82B3 /* Main_iPad.storyboard */,
				B364F1BB190C1E49004B82B3 /* Images.xcassets */,
				B364F1A7190C1E49004B82B3 /* Supporting Files */,
			);
			path = ChallengeProject;
			sourceTree = "<group>";
		};
		B364F1A7190C1E49004B82B3 /* Supporting Files */ = {
			isa = PBXGroup;
			children = (
				B3A72B4C1913824F0096300A /* blackArrow.png */,
				B3A72B4D1913824F0096300A /* blackArrow@2x.png */,
				B3A72B4E1913824F0096300A /* blueArrow.png */,
				B3A72B4F1913824F0096300A /* blueArrow@2x.png */,
				B3A72B501913824F0096300A /* grayArrow.png */,
				B3A72B511913824F0096300A /* grayArrow@2x.png */,
				B3A72B521913824F0096300A /* whiteArrow.png */,
				B3A72B531913824F0096300A /* whiteArrow@2x.png */,
				B32631CB191176B30063039B /* fb.png */,
				B32631CC191176B30063039B /* tw.png */,
				B3FF1A8A190EE23F007D0903 /* userpin.png */,
				B3FF1A8B190EE23F007D0903 /* locationpin.png */,
				B364F1A8190C1E49004B82B3 /* ChallengeProject-Info.plist */,
				B364F1A9190C1E49004B82B3 /* InfoPlist.strings */,
				B364F1AC190C1E49004B82B3 /* main.m */,
				B364F1AE190C1E49004B82B3 /* ChallengeProject-Prefix.pch */,
				B3F83717190D184B00CF8852 /* Quests.plist */,
			);
			name = "Supporting Files";
			sourceTree = "<group>";
		};
		B364F1C8190C1E49004B82B3 /* ChallengeProjectTests */ = {
			isa = PBXGroup;
			children = (
				B364F1CE190C1E49004B82B3 /* ChallengeProjectTests.m */,
				B364F1C9190C1E49004B82B3 /* Supporting Files */,
			);
			path = ChallengeProjectTests;
			sourceTree = "<group>";
		};
		B364F1C9190C1E49004B82B3 /* Supporting Files */ = {
			isa = PBXGroup;
			children = (
				B364F1CA190C1E49004B82B3 /* ChallengeProjectTests-Info.plist */,
				B364F1CB190C1E49004B82B3 /* InfoPlist.strings */,
			);
			name = "Supporting Files";
			sourceTree = "<group>";
		};
		B364F1D8190C29CC004B82B3 /* Classes */ = {
			isa = PBXGroup;
			children = (
				B364F1DD190C2A06004B82B3 /* 3rdParty */,
				B364F1DE190C2A06004B82B3 /* App */,
			);
			path = Classes;
			sourceTree = "<group>";
		};
		B364F1D9190C29CC004B82B3 /* Controllers */ = {
			isa = PBXGroup;
			children = (
				B364F1DA190C29CC004B82B3 /* Login */,
			);
			path = Controllers;
			sourceTree = "<group>";
		};
		B364F1DA190C29CC004B82B3 /* Login */ = {
			isa = PBXGroup;
			children = (
				B32631C5191167360063039B /* SignUp */,
				B364F1DB190C29CC004B82B3 /* Quests */,
				B364F1EC190C2F36004B82B3 /* LoginViewController.h */,
				B364F1ED190C2F36004B82B3 /* LoginViewController.m */,
				B3F83714190CB6C400CF8852 /* NavViewController.h */,
				B3F83715190CB6C400CF8852 /* NavViewController.m */,
			);
			path = Login;
			sourceTree = "<group>";
		};
		B364F1DB190C29CC004B82B3 /* Quests */ = {
			isa = PBXGroup;
			children = (
				B3FF1A86190EC423007D0903 /* Setting */,
				B364F1DC190C29CC004B82B3 /* Details */,
				B364F1F2190C2FA6004B82B3 /* QuestCell.h */,
				B364F1F3190C2FA6004B82B3 /* QuestCell.m */,
				B364F1F8190C30F4004B82B3 /* QuestViewController.h */,
				B364F1F9190C30F4004B82B3 /* QuestViewController.m */,
				B3A097C719137E870082185C /* NoDataCell.h */,
				B3A097C819137E870082185C /* NoDataCell.m */,
			);
			path = Quests;
			sourceTree = "<group>";
		};
		B364F1DC190C29CC004B82B3 /* Details */ = {
			isa = PBXGroup;
			children = (
				B364F1FB190C3812004B82B3 /* DetailsViewController.h */,
				B364F1FC190C3812004B82B3 /* DetailsViewController.m */,
			);
			path = Details;
			sourceTree = "<group>";
		};
		B364F1DD190C2A06004B82B3 /* 3rdParty */ = {
			isa = PBXGroup;
			children = (
				B3A72B44191381FA0096300A /* PullToRefesh */,
				B3A72B3E191381EA0096300A /* SVProgressHUD */,
			);
			path = 3rdParty;
			sourceTree = "<group>";
		};
		B364F1DE190C2A06004B82B3 /* App */ = {
			isa = PBXGroup;
			children = (
				B364F1DF190C2A06004B82B3 /* Common */,
				B364F1E0190C2A06004B82B3 /* Handlers */,
				B364F1E1190C2A06004B82B3 /* Objects */,
			);
			path = App;
			sourceTree = "<group>";
		};
		B364F1DF190C2A06004B82B3 /* Common */ = {
			isa = PBXGroup;
			children = (
				B364F1E2190C2AA3004B82B3 /* CommonMethods.h */,
				B364F1E3190C2AA3004B82B3 /* CommonMethods.m */,
				B364F1E4190C2AA3004B82B3 /* Constants.h */,
			);
			path = Common;
			sourceTree = "<group>";
		};
		B364F1E0190C2A06004B82B3 /* Handlers */ = {
			isa = PBXGroup;
			children = (
				B3F83722190D255400CF8852 /* UserHandler.h */,
				B3F83723190D255400CF8852 /* UserHandler.m */,
				B3F83725190D285700CF8852 /* QuestHandler.h */,
				B3F83726190D285700CF8852 /* QuestHandler.m */,
			);
			path = Handlers;
			sourceTree = "<group>";
		};
		B364F1E1190C2A06004B82B3 /* Objects */ = {
			isa = PBXGroup;
			children = (
				B3F8372E190D4ABF00CF8852 /* AnnotationMaker.h */,
				B3F8372F190D4ABF00CF8852 /* AnnotationMaker.m */,
				B3F83719190D1C2700CF8852 /* Quest.h */,
				B3F8371A190D1C2700CF8852 /* Quest.m */,
			);
			path = Objects;
			sourceTree = "<group>";
		};
		B3A72B3E191381EA0096300A /* SVProgressHUD */ = {
			isa = PBXGroup;
			children = (
				B3A72B3F191381EA0096300A /* SVProgressHUD.bundle */,
				B3A72B40191381EA0096300A /* SVProgressHUD.h */,
				B3A72B41191381EA0096300A /* SVProgressHUD.m */,
			);
			path = SVProgressHUD;
			sourceTree = "<group>";
		};
		B3A72B44191381FA0096300A /* PullToRefesh */ = {
			isa = PBXGroup;
			children = (
				B3A72B45191381FA0096300A /* EGORefreshTableHeaderView.h */,
				B3A72B46191381FA0096300A /* EGORefreshTableHeaderView.m */,
			);
			path = PullToRefesh;
			sourceTree = "<group>";
		};
		B3FF1A86190EC423007D0903 /* Setting */ = {
			isa = PBXGroup;
			children = (
				B3FF1A87190EC423007D0903 /* SettingViewController.h */,
				B3FF1A88190EC423007D0903 /* SettingViewController.m */,
			);
			path = Setting;
			sourceTree = "<group>";
		};
/* End PBXGroup section */

/* Begin PBXNativeTarget section */
		B364F19C190C1E49004B82B3 /* ChallengeProject */ = {
			isa = PBXNativeTarget;
			buildConfigurationList = B364F1D2190C1E49004B82B3 /* Build configuration list for PBXNativeTarget "ChallengeProject" */;
			buildPhases = (
				B364F199190C1E49004B82B3 /* Sources */,
				B364F19A190C1E49004B82B3 /* Frameworks */,
				B364F19B190C1E49004B82B3 /* Resources */,
			);
			buildRules = (
			);
			dependencies = (
			);
			name = ChallengeProject;
			productName = ChallengeProject;
			productReference = B364F19D190C1E49004B82B3 /* ChallengeProject.app */;
			productType = "com.apple.product-type.application";
		};
		B364F1C0190C1E49004B82B3 /* ChallengeProjectTests */ = {
			isa = PBXNativeTarget;
			buildConfigurationList = B364F1D5190C1E49004B82B3 /* Build configuration list for PBXNativeTarget "ChallengeProjectTests" */;
			buildPhases = (
				B364F1BD190C1E49004B82B3 /* Sources */,
				B364F1BE190C1E49004B82B3 /* Frameworks */,
				B364F1BF190C1E49004B82B3 /* Resources */,
			);
			buildRules = (
			);
			dependencies = (
				B364F1C7190C1E49004B82B3 /* PBXTargetDependency */,
			);
			name = ChallengeProjectTests;
			productName = ChallengeProjectTests;
			productReference = B364F1C1190C1E49004B82B3 /* ChallengeProjectTests.xctest */;
			productType = "com.apple.product-type.bundle.unit-test";
		};
/* End PBXNativeTarget section */

/* Begin PBXProject section */
		B364F195190C1E49004B82B3 /* Project object */ = {
			isa = PBXProject;
			attributes = {
				LastUpgradeCheck = 0500;
				ORGANIZATIONNAME = MYRIAD;
				TargetAttributes = {
					B364F1C0190C1E49004B82B3 = {
						TestTargetID = B364F19C190C1E49004B82B3;
					};
				};
			};
			buildConfigurationList = B364F198190C1E49004B82B3 /* Build configuration list for PBXProject "ChallengeProject" */;
			compatibilityVersion = "Xcode 3.2";
			developmentRegion = English;
			hasScannedForEncodings = 0;
			knownRegions = (
				en,
				Base,
			);
			mainGroup = B364F194190C1E49004B82B3;
			productRefGroup = B364F19E190C1E49004B82B3 /* Products */;
			projectDirPath = "";
			projectRoot = "";
			targets = (
				B364F19C190C1E49004B82B3 /* ChallengeProject */,
				B364F1C0190C1E49004B82B3 /* ChallengeProjectTests */,
			);
		};
/* End PBXProject section */

/* Begin PBXResourcesBuildPhase section */
		B364F19B190C1E49004B82B3 /* Resources */ = {
			isa = PBXResourcesBuildPhase;
			buildActionMask = 2147483647;
			files = (
				B32631CE191176B30063039B /* tw.png in Resources */,
				B3A72B541913824F0096300A /* blackArrow.png in Resources */,
				B3A72B551913824F0096300A /* blackArrow@2x.png in Resources */,
				B364F1B7190C1E49004B82B3 /* Main_iPad.storyboard in Resources */,
				B364F1BC190C1E49004B82B3 /* Images.xcassets in Resources */,
				B364F1B4190C1E49004B82B3 /* Main_iPhone.storyboard in Resources */,
				B3FF1A8C190EE23F007D0903 /* userpin.png in Resources */,
				B3A72B42191381EA0096300A /* SVProgressHUD.bundle in Resources */,
				B32631CD191176B30063039B /* fb.png in Resources */,
				B3FF1A8D190EE23F007D0903 /* locationpin.png in Resources */,
				B3A72B571913824F0096300A /* blueArrow@2x.png in Resources */,
				B3A72B591913824F0096300A /* grayArrow@2x.png in Resources */,
				B3A72B561913824F0096300A /* blueArrow.png in Resources */,
				B3A72B5A1913824F0096300A /* whiteArrow.png in Resources */,
				B3A72B581913824F0096300A /* grayArrow.png in Resources */,
				B364F1AB190C1E49004B82B3 /* InfoPlist.strings in Resources */,
				B3A72B5B1913824F0096300A /* whiteArrow@2x.png in Resources */,
				B3F83718190D184B00CF8852 /* Quests.plist in Resources */,
			);
			runOnlyForDeploymentPostprocessing = 0;
		};
		B364F1BF190C1E49004B82B3 /* Resources */ = {
			isa = PBXResourcesBuildPhase;
			buildActionMask = 2147483647;
			files = (
				B364F1CD190C1E49004B82B3 /* InfoPlist.strings in Resources */,
			);
			runOnlyForDeploymentPostprocessing = 0;
		};
/* End PBXResourcesBuildPhase section */

/* Begin PBXSourcesBuildPhase section */
		B364F199190C1E49004B82B3 /* Sources */ = {
			isa = PBXSourcesBuildPhase;
			buildActionMask = 2147483647;
			files = (
				B3F83727190D285700CF8852 /* QuestHandler.m in Sources */,
				B364F1B1190C1E49004B82B3 /* AppDelegate.m in Sources */,
				B3F83724190D255400CF8852 /* UserHandler.m in Sources */,
				B3F83730190D4ABF00CF8852 /* AnnotationMaker.m in Sources */,
				B3F83716190CB6C400CF8852 /* NavViewController.m in Sources */,
				B3A72B43191381EA0096300A /* SVProgressHUD.m in Sources */,
				B32631C8191167420063039B /* SignUpViewController.m in Sources */,
				B3A72B4A191381FA0096300A /* EGORefreshTableHeaderView.m in Sources */,
				B364F1F4190C2FA6004B82B3 /* QuestCell.m in Sources */,
				B364F1FA190C30F4004B82B3 /* QuestViewController.m in Sources */,
				B364F1AD190C1E49004B82B3 /* main.m in Sources */,
				B3F8371B190D1C2700CF8852 /* Quest.m in Sources */,
				B364F1E5190C2AA3004B82B3 /* CommonMethods.m in Sources */,
				B364F1EE190C2F36004B82B3 /* LoginViewController.m in Sources */,
				B364F1FD190C3812004B82B3 /* DetailsViewController.m in Sources */,
				B3A097C919137E870082185C /* NoDataCell.m in Sources */,
				B3FF1A89190EC423007D0903 /* SettingViewController.m in Sources */,
			);
			runOnlyForDeploymentPostprocessing = 0;
		};
		B364F1BD190C1E49004B82B3 /* Sources */ = {
			isa = PBXSourcesBuildPhase;
			buildActionMask = 2147483647;
			files = (
				B364F1CF190C1E49004B82B3 /* ChallengeProjectTests.m in Sources */,
			);
			runOnlyForDeploymentPostprocessing = 0;
		};
/* End PBXSourcesBuildPhase section */

/* Begin PBXTargetDependency section */
		B364F1C7190C1E49004B82B3 /* PBXTargetDependency */ = {
			isa = PBXTargetDependency;
			target = B364F19C190C1E49004B82B3 /* ChallengeProject */;
			targetProxy = B364F1C6190C1E49004B82B3 /* PBXContainerItemProxy */;
		};
/* End PBXTargetDependency section */

/* Begin PBXVariantGroup section */
		B364F1A9190C1E49004B82B3 /* InfoPlist.strings */ = {
			isa = PBXVariantGroup;
			children = (
				B364F1AA190C1E49004B82B3 /* en */,
			);
			name = InfoPlist.strings;
			sourceTree = "<group>";
		};
		B364F1B2190C1E49004B82B3 /* Main_iPhone.storyboard */ = {
			isa = PBXVariantGroup;
			children = (
				B364F1B3190C1E49004B82B3 /* Base */,
			);
			name = Main_iPhone.storyboard;
			sourceTree = "<group>";
		};
		B364F1B5190C1E49004B82B3 /* Main_iPad.storyboard */ = {
			isa = PBXVariantGroup;
			children = (
				B364F1B6190C1E49004B82B3 /* Base */,
			);
			name = Main_iPad.storyboard;
			sourceTree = "<group>";
		};
		B364F1CB190C1E49004B82B3 /* InfoPlist.strings */ = {
			isa = PBXVariantGroup;
			children = (
				B364F1CC190C1E49004B82B3 /* en */,
			);
			name = InfoPlist.strings;
			sourceTree = "<group>";
		};
/* End PBXVariantGroup section */

/* Begin XCBuildConfiguration section */
		B364F1D0190C1E49004B82B3 /* Debug */ = {
			isa = XCBuildConfiguration;
			buildSettings = {
				ALWAYS_SEARCH_USER_PATHS = NO;
				ARCHS = "$(ARCHS_STANDARD_INCLUDING_64_BIT)";
				CLANG_CXX_LANGUAGE_STANDARD = "gnu++0x";
				CLANG_CXX_LIBRARY = "libc++";
				CLANG_ENABLE_MODULES = YES;
				CLANG_ENABLE_OBJC_ARC = YES;
				CLANG_WARN_BOOL_CONVERSION = YES;
				CLANG_WARN_CONSTANT_CONVERSION = YES;
				CLANG_WARN_DIRECT_OBJC_ISA_USAGE = YES_ERROR;
				CLANG_WARN_EMPTY_BODY = YES;
				CLANG_WARN_ENUM_CONVERSION = YES;
				CLANG_WARN_INT_CONVERSION = YES;
				CLANG_WARN_OBJC_ROOT_CLASS = YES_ERROR;
				CLANG_WARN__DUPLICATE_METHOD_MATCH = YES;
				"CODE_SIGN_IDENTITY[sdk=iphoneos*]" = "iPhone Developer";
				COPY_PHASE_STRIP = NO;
				GCC_C_LANGUAGE_STANDARD = gnu99;
				GCC_DYNAMIC_NO_PIC = NO;
				GCC_OPTIMIZATION_LEVEL = 0;
				GCC_PREPROCESSOR_DEFINITIONS = (
					"DEBUG=1",
					"$(inherited)",
				);
				GCC_SYMBOLS_PRIVATE_EXTERN = NO;
				GCC_WARN_64_TO_32_BIT_CONVERSION = YES;
				GCC_WARN_ABOUT_RETURN_TYPE = YES_ERROR;
				GCC_WARN_UNDECLARED_SELECTOR = YES;
				GCC_WARN_UNINITIALIZED_AUTOS = YES;
				GCC_WARN_UNUSED_FUNCTION = YES;
				GCC_WARN_UNUSED_VARIABLE = YES;
				IPHONEOS_DEPLOYMENT_TARGET = 7.0;
				ONLY_ACTIVE_ARCH = YES;
				SDKROOT = iphoneos;
				TARGETED_DEVICE_FAMILY = "1,2";
			};
			name = Debug;
		};
		B364F1D1190C1E49004B82B3 /* Release */ = {
			isa = XCBuildConfiguration;
			buildSettings = {
				ALWAYS_SEARCH_USER_PATHS = NO;
				ARCHS = "$(ARCHS_STANDARD_INCLUDING_64_BIT)";
				CLANG_CXX_LANGUAGE_STANDARD = "gnu++0x";
				CLANG_CXX_LIBRARY = "libc++";
				CLANG_ENABLE_MODULES = YES;
				CLANG_ENABLE_OBJC_ARC = YES;
				CLANG_WARN_BOOL_CONVERSION = YES;
				CLANG_WARN_CONSTANT_CONVERSION = YES;
				CLANG_WARN_DIRECT_OBJC_ISA_USAGE = YES_ERROR;
				CLANG_WARN_EMPTY_BODY = YES;
				CLANG_WARN_ENUM_CONVERSION = YES;
				CLANG_WARN_INT_CONVERSION = YES;
				CLANG_WARN_OBJC_ROOT_CLASS = YES_ERROR;
				CLANG_WARN__DUPLICATE_METHOD_MATCH = YES;
				"CODE_SIGN_IDENTITY[sdk=iphoneos*]" = "iPhone Developer";
				COPY_PHASE_STRIP = YES;
				ENABLE_NS_ASSERTIONS = NO;
				GCC_C_LANGUAGE_STANDARD = gnu99;
				GCC_WARN_64_TO_32_BIT_CONVERSION = YES;
				GCC_WARN_ABOUT_RETURN_TYPE = YES_ERROR;
				GCC_WARN_UNDECLARED_SELECTOR = YES;
				GCC_WARN_UNINITIALIZED_AUTOS = YES;
				GCC_WARN_UNUSED_FUNCTION = YES;
				GCC_WARN_UNUSED_VARIABLE = YES;
				IPHONEOS_DEPLOYMENT_TARGET = 7.0;
				SDKROOT = iphoneos;
				TARGETED_DEVICE_FAMILY = "1,2";
				VALIDATE_PRODUCT = YES;
			};
			name = Release;
		};
		B364F1D3190C1E49004B82B3 /* Debug */ = {
			isa = XCBuildConfiguration;
			buildSettings = {
				ASSETCATALOG_COMPILER_APPICON_NAME = AppIcon;
				ASSETCATALOG_COMPILER_LAUNCHIMAGE_NAME = LaunchImage;
				FRAMEWORK_SEARCH_PATHS = (
					"$(inherited)",
					/Users/faizan/Development/Application/MyRiadChallengeProject/ChallengeProject/ChallengeProject,
					/Users/faizan/Development/Application/MyRiadChallengeProject/ChallengeProject,
				);
				GCC_PRECOMPILE_PREFIX_HEADER = YES;
				GCC_PREFIX_HEADER = "ChallengeProject/ChallengeProject-Prefix.pch";
				INFOPLIST_FILE = "ChallengeProject/ChallengeProject-Info.plist";
				PRODUCT_NAME = "$(TARGET_NAME)";
				TARGETED_DEVICE_FAMILY = 1;
				WRAPPER_EXTENSION = app;
			};
			name = Debug;
		};
		B364F1D4190C1E49004B82B3 /* Release */ = {
			isa = XCBuildConfiguration;
			buildSettings = {
				ASSETCATALOG_COMPILER_APPICON_NAME = AppIcon;
				ASSETCATALOG_COMPILER_LAUNCHIMAGE_NAME = LaunchImage;
				FRAMEWORK_SEARCH_PATHS = (
					"$(inherited)",
					/Users/faizan/Development/Application/MyRiadChallengeProject/ChallengeProject/ChallengeProject,
					/Users/faizan/Development/Application/MyRiadChallengeProject/ChallengeProject,
				);
				GCC_PRECOMPILE_PREFIX_HEADER = YES;
				GCC_PREFIX_HEADER = "ChallengeProject/ChallengeProject-Prefix.pch";
				INFOPLIST_FILE = "ChallengeProject/ChallengeProject-Info.plist";
				PRODUCT_NAME = "$(TARGET_NAME)";
				TARGETED_DEVICE_FAMILY = 1;
				WRAPPER_EXTENSION = app;
			};
			name = Release;
		};
		B364F1D6190C1E49004B82B3 /* Debug */ = {
			isa = XCBuildConfiguration;
			buildSettings = {
				ARCHS = "$(ARCHS_STANDARD_INCLUDING_64_BIT)";
				BUNDLE_LOADER = "$(BUILT_PRODUCTS_DIR)/ChallengeProject.app/ChallengeProject";
				FRAMEWORK_SEARCH_PATHS = (
					"$(SDKROOT)/Developer/Library/Frameworks",
					"$(inherited)",
					"$(DEVELOPER_FRAMEWORKS_DIR)",
				);
				GCC_PRECOMPILE_PREFIX_HEADER = YES;
				GCC_PREFIX_HEADER = "ChallengeProject/ChallengeProject-Prefix.pch";
				GCC_PREPROCESSOR_DEFINITIONS = (
					"DEBUG=1",
					"$(inherited)",
				);
				INFOPLIST_FILE = "ChallengeProjectTests/ChallengeProjectTests-Info.plist";
				PRODUCT_NAME = "$(TARGET_NAME)";
				TEST_HOST = "$(BUNDLE_LOADER)";
				WRAPPER_EXTENSION = xctest;
			};
			name = Debug;
		};
		B364F1D7190C1E49004B82B3 /* Release */ = {
			isa = XCBuildConfiguration;
			buildSettings = {
				ARCHS = "$(ARCHS_STANDARD_INCLUDING_64_BIT)";
				BUNDLE_LOADER = "$(BUILT_PRODUCTS_DIR)/ChallengeProject.app/ChallengeProject";
				FRAMEWORK_SEARCH_PATHS = (
					"$(SDKROOT)/Developer/Library/Frameworks",
					"$(inherited)",
					"$(DEVELOPER_FRAMEWORKS_DIR)",
				);
				GCC_PRECOMPILE_PREFIX_HEADER = YES;
				GCC_PREFIX_HEADER = "ChallengeProject/ChallengeProject-Prefix.pch";
				INFOPLIST_FILE = "ChallengeProjectTests/ChallengeProjectTests-Info.plist";
				PRODUCT_NAME = "$(TARGET_NAME)";
				TEST_HOST = "$(BUNDLE_LOADER)";
				WRAPPER_EXTENSION = xctest;
			};
			name = Release;
		};
/* End XCBuildConfiguration section */

/* Begin XCConfigurationList section */
		B364F198190C1E49004B82B3 /* Build configuration list for PBXProject "ChallengeProject" */ = {
			isa = XCConfigurationList;
			buildConfigurations = (
				B364F1D0190C1E49004B82B3 /* Debug */,
				B364F1D1190C1E49004B82B3 /* Release */,
			);
			defaultConfigurationIsVisible = 0;
			defaultConfigurationName = Release;
		};
		B364F1D2190C1E49004B82B3 /* Build configuration list for PBXNativeTarget "ChallengeProject" */ = {
			isa = XCConfigurationList;
			buildConfigurations = (
				B364F1D3190C1E49004B82B3 /* Debug */,
				B364F1D4190C1E49004B82B3 /* Release */,
			);
			defaultConfigurationIsVisible = 0;
			defaultConfigurationName = Release;
		};
		B364F1D5190C1E49004B82B3 /* Build configuration list for PBXNativeTarget "ChallengeProjectTests" */ = {
			isa = XCConfigurationList;
			buildConfigurations = (
				B364F1D6190C1E49004B82B3 /* Debug */,
				B364F1D7190C1E49004B82B3 /* Release */,
			);
			defaultConfigurationIsVisible = 0;
			defaultConfigurationName = Release;
		};
/* End XCConfigurationList section */
	};
	rootObject = B364F195190C1E49004B82B3 /* Project object */;
}
